
Microsoft Visual Studio Solution File, Format Version 12.00
# Visual Studio Version 16
VisualStudioVersion = 16.0.32106.194
MinimumVisualStudioVersion = 10.0.40219.1
Project("{FAE04EC0-301F-11D3-BF4B-00C04F79EFBC}") = "Sistema Gestion de Solicitudes", "Sistema Gestion de Solicitudes.csproj", "{44907C94-E989-47C8-A5DE-415B84DB10CE}"
EndProject
Global
	GlobalSection(SolutionConfigurationPlatforms) = preSolution
		Debug|Any CPU = Debug|Any CPU
		Release|Any CPU = Release|Any CPU
	EndGlobalSection
	GlobalSection(ProjectConfigurationPlatforms) = postSolution
		{44907C94-E989-47C8-A5DE-415B84DB10CE}.Debug|Any CPU.ActiveCfg = Debug|Any CPU
		{44907C94-E989-47C8-A5DE-415B84DB10CE}.Debug|Any CPU.Build.0 = Debug|Any CPU
		{44907C94-E989-47C8-A5DE-415B84DB10CE}.Release|Any CPU.ActiveCfg = Release|Any CPU
		{44907C94-E989-47C8-A5DE-415B84DB10CE}.Release|Any CPU.Build.0 = Release|Any CPU
	EndGlobalSection
	GlobalSection(SolutionProperties) = preSolution
		HideSolutionNode = FALSE
	EndGlobalSection
	GlobalSection(ExtensibilityGlobals) = postSolution
		SolutionGuid = {B39FEC12-5898-48DD-A23F-615313240FAE}
	EndGlobalSection
EndGlobal
